// !$*UTF8*$!
{
	archiveVersion = 1;
	classes = {
	};
	objectVersion = 46;
	objects = {

/* Begin PBXBuildFile section */
		A72088D11E023E7C003DB6D8 /* main.c in Sources */ = {isa = PBXBuildFile; fileRef = A72088D01E023E7C003DB6D8 /* main.c */; };
		A72088D81E023E9D003DB6D8 /* OpenGL.framework in Frameworks */ = {isa = PBXBuildFile; fileRef = A72088D71E023E9D003DB6D8 /* OpenGL.framework */; };
		A72088DA1E023EA3003DB6D8 /* GLUT.framework in Frameworks */ = {isa = PBXBuildFile; fileRef = A72088D91E023EA3003DB6D8 /* GLUT.framework */; };
		A72088E01E02911B003DB6D8 /* libGLEW.a in Frameworks */ = {isa = PBXBuildFile; fileRef = A72088DF1E02911B003DB6D8 /* libGLEW.a */; };
/* End PBXBuildFile section */

/* Begin PBXCopyFilesBuildPhase section */
		A72088CB1E023E7C003DB6D8 /* CopyFiles */ = {
			isa = PBXCopyFilesBuildPhase;
			buildActionMask = 2147483647;
			dstPath = /usr/share/man/man1/;
			dstSubfolderSpec = 0;
			files = (
			);
			runOnlyForDeploymentPostprocessing = 1;
		};
/* End PBXCopyFilesBuildPhase section */

/* Begin PBXFileReference section */
		A72088CD1E023E7C003DB6D8 /* HelloOpenGL */ = {isa = PBXFileReference; explicitFileType = "compiled.mach-o.executable"; includeInIndex = 0; path = HelloOpenGL; sourceTree = BUILT_PRODUCTS_DIR; };
		A72088D01E023E7C003DB6D8 /* main.c */ = {isa = PBXFileReference; lastKnownFileType = sourcecode.c.c; path = main.c; sourceTree = "<group>"; };
		A72088D71E023E9D003DB6D8 /* OpenGL.framework */ = {isa = PBXFileReference; lastKnownFileType = wrapper.framework; name = OpenGL.framework; path = System/Library/Frameworks/OpenGL.framework; sourceTree = SDKROOT; };
		A72088D91E023EA3003DB6D8 /* GLUT.framework */ = {isa = PBXFileReference; lastKnownFileType = wrapper.framework; name = GLUT.framework; path = System/Library/Frameworks/GLUT.framework; sourceTree = SDKROOT; };
		A72088DB1E026C74003DB6D8 /* shader.vsh */ = {isa = PBXFileReference; fileEncoding = 4; lastKnownFileType = sourcecode.glsl; path = shader.vsh; sourceTree = "<group>"; };
		A72088DC1E026C82003DB6D8 /* shader.fsh */ = {isa = PBXFileReference; fileEncoding = 4; lastKnownFileType = sourcecode.glsl; path = shader.fsh; sourceTree = "<group>"; };
		A72088DE1E027C79003DB6D8 /* test_yuv420p_320x180.yuv */ = {isa = PBXFileReference; lastKnownFileType = file; path = test_yuv420p_320x180.yuv; sourceTree = "<group>"; };
		A72088DF1E02911B003DB6D8 /* libGLEW.a */ = {isa = PBXFileReference; lastKnownFileType = archive.ar; name = libGLEW.a; path = ../../../../../usr/local/Cellar/glew/2.0.0/lib/libGLEW.a; sourceTree = "<group>"; };
/* End PBXFileReference section */

/* Begin PBXFrameworksBuildPhase section */
		A72088CA1E023E7C003DB6D8 /* Frameworks */ = {
			isa = PBXFrameworksBuildPhase;
			buildActionMask = 2147483647;
			files = (
				A72088E01E02911B003DB6D8 /* libGLEW.a in Frameworks */,
				A72088DA1E023EA3003DB6D8 /* GLUT.framework in Frameworks */,
				A72088D81E023E9D003DB6D8 /* OpenGL.framework in Frameworks */,
			);
			runOnlyForDeploymentPostprocessing = 0;
		};
/* End PBXFrameworksBuildPhase section */

/* Begin PBXGroup section */
		A72088C41E023E7C003DB6D8 = {
			isa = PBXGroup;
			children = (
				A72088DF1E02911B003DB6D8 /* libGLEW.a */,
				A72088D91E023EA3003DB6D8 /* GLUT.framework */,
				A72088D71E023E9D003DB6D8 /* OpenGL.framework */,
				A72088CF1E023E7C003DB6D8 /* HelloOpenGL */,
				A72088CE1E023E7C003DB6D8 /* Products */,
			);
			sourceTree = "<group>";
		};
		A72088CE1E023E7C003DB6D8 /* Products */ = {
			isa = PBXGroup;
			children = (
				A72088CD1E023E7C003DB6D8 /* HelloOpenGL */,
			);
			name = Products;
			sourceTree = "<group>";
		};
		A72088CF1E023E7C003DB6D8 /* HelloOpenGL */ = {
			isa = PBXGroup;
			children = (
				A72088D01E023E7C003DB6D8 /* main.c */,
				A72088DB1E026C74003DB6D8 /* shader.vsh */,
				A72088DC1E026C82003DB6D8 /* shader.fsh */,
				A72088DE1E027C79003DB6D8 /* test_yuv420p_320x180.yuv */,
			);
			path = HelloOpenGL;
			sourceTree = "<group>";
		};
/* End PBXGroup section */

/* Begin PBXNativeTarget section */
		A72088CC1E023E7C003DB6D8 /* HelloOpenGL */ = {
			isa = PBXNativeTarget;
			buildConfigurationList = A72088D41E023E7C003DB6D8 /* Build configuration list for PBXNativeTarget "HelloOpenGL" */;
			buildPhases = (
				A72088C91E023E7C003DB6D8 /* Sources */,
				A72088CA1E023E7C003DB6D8 /* Frameworks */,
				A72088CB1E023E7C003DB6D8 /* CopyFiles */,
			);
			buildRules = (
			);
			dependencies = (
			);
			name = HelloOpenGL;
			productName = HelloOpenGL;
			productReference = A72088CD1E023E7C003DB6D8 /* HelloOpenGL */;
			productType = "com.apple.product-type.tool";
		};
/* End PBXNativeTarget section */

/* Begin PBXProject section */
		A72088C51E023E7C003DB6D8 /* Project object */ = {
			isa = PBXProject;
			attributes = {
				LastUpgradeCheck = 0700;
				ORGANIZATIONNAME = yeelion;
				TargetAttributes = {
					A72088CC1E023E7C003DB6D8 = {
						CreatedOnToolsVersion = 7.0.1;
					};
				};
			};
			buildConfigurationList = A72088C81E023E7C003DB6D8 /* Build configuration list for PBXProject "HelloOpenGL" */;
			compatibilityVersion = "Xcode 3.2";
			developmentRegion = English;
			hasScannedForEncodings = 0;
			knownRegions = (
				en,
			);
			mainGroup = A72088C41E023E7C003DB6D8;
			productRefGroup = A72088CE1E023E7C003DB6D8 /* Products */;
			projectDirPath = "";
			projectRoot = "";
			targets = (
				A72088CC1E023E7C003DB6D8 /* HelloOpenGL */,
			);
		};
/* End PBXProject section */

/* Begin PBXSourcesBuildPhase section */
		A72088C91E023E7C003DB6D8 /* Sources */ = {
			isa = PBXSourcesBuildPhase;
			buildActionMask = 2147483647;
			files = (
				A72088D11E023E7C003DB6D8 /* main.c in Sources */,
			);
			runOnlyForDeploymentPostprocessing = 0;
		};
/* End PBXSourcesBuildPhase section */

/* Begin XCBuildConfiguration section */
		A72088D21E023E7C003DB6D8 /* Debug */ = {
			isa = XCBuildConfiguration;
			buildSettings = {
				ALWAYS_SEARCH_USER_PATHS = NO;
				CLANG_CXX_LANGUAGE_STANDARD = "gnu++0x";
				CLANG_CXX_LIBRARY = "libc++";
				CLANG_ENABLE_MODULES = YES;
				CLANG_ENABLE_OBJC_ARC = YES;
				CLANG_WARN_BOOL_CONVERSION = YES;
				CLANG_WARN_CONSTANT_CONVERSION = YES;
				CLANG_WARN_DIRECT_OBJC_ISA_USAGE = YES_ERROR;
				CLANG_WARN_EMPTY_BODY = YES;
				CLANG_WARN_ENUM_CONVERSION = YES;
				CLANG_WARN_INT_CONVERSION = YES;
				CLANG_WARN_OBJC_ROOT_CLASS = YES_ERROR;
				CLANG_WARN_UNREACHABLE_CODE = YES;
				CLANG_WARN__DUPLICATE_METHOD_MATCH = YES;
				COPY_PHASE_STRIP = NO;
				DEBUG_INFORMATION_FORMAT = dwarf;
				ENABLE_STRICT_OBJC_MSGSEND = YES;
				ENABLE_TESTABILITY = YES;
				GCC_C_LANGUAGE_STANDARD = gnu99;
				GCC_DYNAMIC_NO_PIC = NO;
				GCC_NO_COMMON_BLOCKS = YES;
				GCC_OPTIMIZATION_LEVEL = 0;
				GCC_PREPROCESSOR_DEFINITIONS = (
					"DEBUG=1",
					"$(inherited)",
				);
				GCC_WARN_64_TO_32_BIT_CONVERSION = YES;
				GCC_WARN_ABOUT_RETURN_TYPE = YES_ERROR;
				GCC_WARN_UNDECLARED_SELECTOR = YES;
				GCC_WARN_UNINITIALIZED_AUTOS = YES_AGGRESSIVE;
				GCC_WARN_UNUSED_FUNCTION = YES;
				GCC_WARN_UNUSED_VARIABLE = YES;
				MACOSX_DEPLOYMENT_TARGET = 10.10;
				MTL_ENABLE_DEBUG_INFO = YES;
				ONLY_ACTIVE_ARCH = YES;
				SDKROOT = macosx;
			};
			name = Debug;
		};
		A72088D31E023E7C003DB6D8 /* Release */ = {
			isa = XCBuildConfiguration;
			buildSettings = {
				ALWAYS_SEARCH_USER_PATHS = NO;
				CLANG_CXX_LANGUAGE_STANDARD = "gnu++0x";
				CLANG_CXX_LIBRARY = "libc++";
				CLANG_ENABLE_MODULES = YES;
				CLANG_ENABLE_OBJC_ARC = YES;
				CLANG_WARN_BOOL_CONVERSION = YES;
				CLANG_WARN_CONSTANT_CONVERSION = YES;
				CLANG_WARN_DIRECT_OBJC_ISA_USAGE = YES_ERROR;
				CLANG_WARN_EMPTY_BODY = YES;
				CLANG_WARN_ENUM_CONVERSION = YES;
				CLANG_WARN_INT_CONVERSION = YES;
				CLANG_WARN_OBJC_ROOT_CLASS = YES_ERROR;
				CLANG_WARN_UNREACHABLE_CODE = YES;
				CLANG_WARN__DUPLICATE_METHOD_MATCH = YES;
				COPY_PHASE_STRIP = NO;
				DEBUG_INFORMATION_FORMAT = "dwarf-with-dsym";
				ENABLE_NS_ASSERTIONS = NO;
				ENABLE_STRICT_OBJC_MSGSEND = YES;
				GCC_C_LANGUAGE_STANDARD = gnu99;
				GCC_NO_COMMON_BLOCKS = YES;
				GCC_WARN_64_TO_32_BIT_CONVERSION = YES;
				GCC_WARN_ABOUT_RETURN_TYPE = YES_ERROR;
				GCC_WARN_UNDECLARED_SELECTOR = YES;
				GCC_WARN_UNINITIALIZED_AUTOS = YES_AGGRESSIVE;
				GCC_WARN_UNUSED_FUNCTION = YES;
				GCC_WARN_UNUSED_VARIABLE = YES;
				MACOSX_DEPLOYMENT_TARGET = 10.10;
				MTL_ENABLE_DEBUG_INFO = NO;
				SDKROOT = macosx;
			};
			name = Release;
		};
		A72088D51E023E7C003DB6D8 /* Debug */ = {
			isa = XCBuildConfiguration;
			buildSettings = {
				HEADER_SEARCH_PATHS = /usr/local/Cellar/glew/2.0.0/include;
				LIBRARY_SEARCH_PATHS = (
					"$(inherited)",
					/usr/local/Cellar/glew/2.0.0/lib,
				);
				MACOSX_DEPLOYMENT_TARGET = 10.10;
				PRODUCT_NAME = "$(TARGET_NAME)";
			};
			name = Debug;
		};
		A72088D61E023E7C003DB6D8 /* Release */ = {
			isa = XCBuildConfiguration;
			buildSettings = {
				HEADER_SEARCH_PATHS = /usr/local/Cellar/glew/2.0.0/include;
				LIBRARY_SEARCH_PATHS = (
					"$(inherited)",
					/usr/local/Cellar/glew/2.0.0/lib,
				);
				MACOSX_DEPLOYMENT_TARGET = 10.10;
				PRODUCT_NAME = "$(TARGET_NAME)";
			};
			name = Release;
		};
/* End XCBuildConfiguration section */

/* Begin XCConfigurationList section */
		A72088C81E023E7C003DB6D8 /* Build configuration list for PBXProject "HelloOpenGL" */ = {
			isa = XCConfigurationList;
			buildConfigurations = (
				A72088D21E023E7C003DB6D8 /* Debug */,
				A72088D31E023E7C003DB6D8 /* Release */,
			);
			defaultConfigurationIsVisible = 0;
			defaultConfigurationName = Release;
		};
		A72088D41E023E7C003DB6D8 /* Build configuration list for PBXNativeTarget "HelloOpenGL" */ = {
			isa = XCConfigurationList;
			buildConfigurations = (
				A72088D51E023E7C003DB6D8 /* Debug */,
				A72088D61E023E7C003DB6D8 /* Release */,
			);
			defaultConfigurationIsVisible = 0;
		};
/* End XCConfigurationList section */
	};
	rootObject = A72088C51E023E7C003DB6D8 /* Project object */;
}
